
Microsoft Visual Studio Solution File, Format Version 12.00
Project("{FAE04EC0-301F-11D3-BF4B-00C04F79EFBC}") = "api_test", "api_test\api_test.csproj", "{96B3C47C-4A99-437C-BC90-F7D022FFB67B}"
EndProject
Global
	GlobalSection(SolutionConfigurationPlatforms) = preSolution
		Debug|Any CPU = Debug|Any CPU
		Release|Any CPU = Release|Any CPU
	EndGlobalSection
	GlobalSection(ProjectConfigurationPlatforms) = postSolution
		{96B3C47C-4A99-437C-BC90-F7D022FFB67B}.Debug|Any CPU.ActiveCfg = Debug|Any CPU
		{96B3C47C-4A99-437C-BC90-F7D022FFB67B}.Debug|Any CPU.Build.0 = Debug|Any CPU
		{96B3C47C-4A99-437C-BC90-F7D022FFB67B}.Release|Any CPU.ActiveCfg = Release|Any CPU
		{96B3C47C-4A99-437C-BC90-F7D022FFB67B}.Release|Any CPU.Build.0 = Release|Any CPU
	EndGlobalSection
EndGlobal
